// !$*UTF8*$!
{
	archiveVersion = 1;
	classes = {
	};
	objectVersion = 50;
	objects = {

/* Begin PBXBuildFile section */
		54410F3E251CA78300BAF7EB /* AppDelegate.swift in Sources */ = {isa = PBXBuildFile; fileRef = 54410F3D251CA78300BAF7EB /* AppDelegate.swift */; };
		54410F40251CA78300BAF7EB /* SceneDelegate.swift in Sources */ = {isa = PBXBuildFile; fileRef = 54410F3F251CA78300BAF7EB /* SceneDelegate.swift */; };
		54410F42251CA78300BAF7EB /* ViewController.swift in Sources */ = {isa = PBXBuildFile; fileRef = 54410F41251CA78300BAF7EB /* ViewController.swift */; };
		54410F45251CA78300BAF7EB /* Main.storyboard in Resources */ = {isa = PBXBuildFile; fileRef = 54410F43251CA78300BAF7EB /* Main.storyboard */; };
		54410F47251CA78900BAF7EB /* Assets.xcassets in Resources */ = {isa = PBXBuildFile; fileRef = 54410F46251CA78900BAF7EB /* Assets.xcassets */; };
		54410F4A251CA78900BAF7EB /* LaunchScreen.storyboard in Resources */ = {isa = PBXBuildFile; fileRef = 54410F48251CA78900BAF7EB /* LaunchScreen.storyboard */; };
		54410F5A251CB97700BAF7EB /* GalleryViewController.swift in Sources */ = {isa = PBXBuildFile; fileRef = 54410F59251CB97700BAF7EB /* GalleryViewController.swift */; };
		54410F5D251CBCBE00BAF7EB /* Main.xcassets in Resources */ = {isa = PBXBuildFile; fileRef = 54410F5C251CBCBE00BAF7EB /* Main.xcassets */; };
		54410F5F251CE13100BAF7EB /* VehicleInfo .swift in Sources */ = {isa = PBXBuildFile; fileRef = 54410F5E251CE13100BAF7EB /* VehicleInfo .swift */; };
		54410F61251CE24700BAF7EB /* Rover.swift in Sources */ = {isa = PBXBuildFile; fileRef = 54410F60251CE24700BAF7EB /* Rover.swift */; };
		54410F63251CE4F800BAF7EB /* Camera.swift in Sources */ = {isa = PBXBuildFile; fileRef = 54410F62251CE4F800BAF7EB /* Camera.swift */; };
		546B1EDC2522167700D0B856 /* Int+HTTPStatusCode.swift in Sources */ = {isa = PBXBuildFile; fileRef = 546B1EDB2522167700D0B856 /* Int+HTTPStatusCode.swift */; };
		546B1EDE2522264F00D0B856 /* NetworkError.swift in Sources */ = {isa = PBXBuildFile; fileRef = 546B1EDD2522264F00D0B856 /* NetworkError.swift */; };
		546B1EE02522335A00D0B856 /* NetworkClient.swift in Sources */ = {isa = PBXBuildFile; fileRef = 546B1EDF2522335A00D0B856 /* NetworkClient.swift */; };
/* End PBXBuildFile section */

/* Begin PBXFileReference section */
		54410F3A251CA78300BAF7EB /* NasaDemo.app */ = {isa = PBXFileReference; explicitFileType = wrapper.application; includeInIndex = 0; path = NasaDemo.app; sourceTree = BUILT_PRODUCTS_DIR; };
		54410F3D251CA78300BAF7EB /* AppDelegate.swift */ = {isa = PBXFileReference; lastKnownFileType = sourcecode.swift; path = AppDelegate.swift; sourceTree = "<group>"; };
		54410F3F251CA78300BAF7EB /* SceneDelegate.swift */ = {isa = PBXFileReference; lastKnownFileType = sourcecode.swift; path = SceneDelegate.swift; sourceTree = "<group>"; };
		54410F41251CA78300BAF7EB /* ViewController.swift */ = {isa = PBXFileReference; lastKnownFileType = sourcecode.swift; path = ViewController.swift; sourceTree = "<group>"; };
		54410F44251CA78300BAF7EB /* Base */ = {isa = PBXFileReference; lastKnownFileType = file.storyboard; name = Base; path = Base.lproj/Main.storyboard; sourceTree = "<group>"; };
		54410F46251CA78900BAF7EB /* Assets.xcassets */ = {isa = PBXFileReference; lastKnownFileType = folder.assetcatalog; path = Assets.xcassets; sourceTree = "<group>"; };
		54410F49251CA78900BAF7EB /* Base */ = {isa = PBXFileReference; lastKnownFileType = file.storyboard; name = Base; path = Base.lproj/LaunchScreen.storyboard; sourceTree = "<group>"; };
		54410F4B251CA78900BAF7EB /* Info.plist */ = {isa = PBXFileReference; lastKnownFileType = text.plist.xml; path = Info.plist; sourceTree = "<group>"; };
		54410F59251CB97700BAF7EB /* GalleryViewController.swift */ = {isa = PBXFileReference; lastKnownFileType = sourcecode.swift; path = GalleryViewController.swift; sourceTree = "<group>"; };
		54410F5C251CBCBE00BAF7EB /* Main.xcassets */ = {isa = PBXFileReference; lastKnownFileType = folder.assetcatalog; path = Main.xcassets; sourceTree = "<group>"; };
		54410F5E251CE13100BAF7EB /* VehicleInfo .swift */ = {isa = PBXFileReference; lastKnownFileType = sourcecode.swift; path = "VehicleInfo .swift"; sourceTree = "<group>"; };
		54410F60251CE24700BAF7EB /* Rover.swift */ = {isa = PBXFileReference; lastKnownFileType = sourcecode.swift; path = Rover.swift; sourceTree = "<group>"; };
		54410F62251CE4F800BAF7EB /* Camera.swift */ = {isa = PBXFileReference; lastKnownFileType = sourcecode.swift; path = Camera.swift; sourceTree = "<group>"; };
		546B1EDB2522167700D0B856 /* Int+HTTPStatusCode.swift */ = {isa = PBXFileReference; lastKnownFileType = sourcecode.swift; path = "Int+HTTPStatusCode.swift"; sourceTree = "<group>"; };
		546B1EDD2522264F00D0B856 /* NetworkError.swift */ = {isa = PBXFileReference; lastKnownFileType = sourcecode.swift; path = NetworkError.swift; sourceTree = "<group>"; };
		546B1EDF2522335A00D0B856 /* NetworkClient.swift */ = {isa = PBXFileReference; lastKnownFileType = sourcecode.swift; path = NetworkClient.swift; sourceTree = "<group>"; };
/* End PBXFileReference section */

/* Begin PBXFrameworksBuildPhase section */
		54410F37251CA78300BAF7EB /* Frameworks */ = {
			isa = PBXFrameworksBuildPhase;
			buildActionMask = 2147483647;
			files = (
			);
			runOnlyForDeploymentPostprocessing = 0;
		};
/* End PBXFrameworksBuildPhase section */

/* Begin PBXGroup section */
		54410F31251CA78300BAF7EB = {
			isa = PBXGroup;
			children = (
				54410F3C251CA78300BAF7EB /* NasaDemo */,
				54410F3B251CA78300BAF7EB /* Products */,
			);
			sourceTree = "<group>";
		};
		54410F3B251CA78300BAF7EB /* Products */ = {
			isa = PBXGroup;
			children = (
				54410F3A251CA78300BAF7EB /* NasaDemo.app */,
			);
			name = Products;
			sourceTree = "<group>";
		};
		54410F3C251CA78300BAF7EB /* NasaDemo */ = {
			isa = PBXGroup;
			children = (
				54410F51251CA79E00BAF7EB /* App Main */,
				546B1ED82522153100D0B856 /* Networking */,
				54410F3D251CA78300BAF7EB /* AppDelegate.swift */,
				54410F3F251CA78300BAF7EB /* SceneDelegate.swift */,
				54410F46251CA78900BAF7EB /* Assets.xcassets */,
			);
			path = NasaDemo;
			sourceTree = "<group>";
		};
		54410F51251CA79E00BAF7EB /* App Main */ = {
			isa = PBXGroup;
			children = (
				546B1EE12522360200D0B856 /* Supporting Files */,
				54410F58251CADF700BAF7EB /* Recources */,
				54410F55251CA7D300BAF7EB /* Controllers */,
				54410F54251CA7CB00BAF7EB /* Presenter */,
				54410F53251CA7BF00BAF7EB /* Views */,
				54410F52251CA7AD00BAF7EB /* Model */,
			);
			path = "App Main";
			sourceTree = "<group>";
		};
		54410F52251CA7AD00BAF7EB /* Model */ = {
			isa = PBXGroup;
			children = (
				54410F5E251CE13100BAF7EB /* VehicleInfo .swift */,
				54410F60251CE24700BAF7EB /* Rover.swift */,
				54410F62251CE4F800BAF7EB /* Camera.swift */,
			);
			path = Model;
			sourceTree = "<group>";
		};
		54410F53251CA7BF00BAF7EB /* Views */ = {
			isa = PBXGroup;
			children = (
				54410F43251CA78300BAF7EB /* Main.storyboard */,
				54410F48251CA78900BAF7EB /* LaunchScreen.storyboard */,
			);
			path = Views;
			sourceTree = "<group>";
		};
		54410F54251CA7CB00BAF7EB /* Presenter */ = {
			isa = PBXGroup;
			children = (
			);
			path = Presenter;
			sourceTree = "<group>";
		};
		54410F55251CA7D300BAF7EB /* Controllers */ = {
			isa = PBXGroup;
			children = (
				54410F59251CB97700BAF7EB /* GalleryViewController.swift */,
				54410F41251CA78300BAF7EB /* ViewController.swift */,
			);
			path = Controllers;
			sourceTree = "<group>";
		};
		54410F58251CADF700BAF7EB /* Recources */ = {
			isa = PBXGroup;
			children = (
				54410F5C251CBCBE00BAF7EB /* Main.xcassets */,
			);
			path = Recources;
			sourceTree = "<group>";
		};
		546B1ED82522153100D0B856 /* Networking */ = {
			isa = PBXGroup;
			children = (
				546B1EDA2522155C00D0B856 /* Extentions */,
				546B1ED92522154800D0B856 /* Models */,
				546B1EDF2522335A00D0B856 /* NetworkClient.swift */,
			);
			path = Networking;
			sourceTree = "<group>";
		};
		546B1ED92522154800D0B856 /* Models */ = {
			isa = PBXGroup;
			children = (
				546B1EDD2522264F00D0B856 /* NetworkError.swift */,
			);
			path = Models;
			sourceTree = "<group>";
		};
		546B1EDA2522155C00D0B856 /* Extentions */ = {
			isa = PBXGroup;
			children = (
				546B1EDB2522167700D0B856 /* Int+HTTPStatusCode.swift */,
			);
			path = Extentions;
			sourceTree = "<group>";
		};
		546B1EE12522360200D0B856 /* Supporting Files */ = {
			isa = PBXGroup;
			children = (
				54410F4B251CA78900BAF7EB /* Info.plist */,
			);
			path = "Supporting Files";
			sourceTree = "<group>";
		};
/* End PBXGroup section */

/* Begin PBXNativeTarget section */
		54410F39251CA78300BAF7EB /* NasaDemo */ = {
			isa = PBXNativeTarget;
			buildConfigurationList = 54410F4E251CA78900BAF7EB /* Build configuration list for PBXNativeTarget "NasaDemo" */;
			buildPhases = (
				54410F36251CA78300BAF7EB /* Sources */,
				54410F37251CA78300BAF7EB /* Frameworks */,
				54410F38251CA78300BAF7EB /* Resources */,
			);
			buildRules = (
			);
			dependencies = (
			);
			name = NasaDemo;
			productName = NasaDemo;
			productReference = 54410F3A251CA78300BAF7EB /* NasaDemo.app */;
			productType = "com.apple.product-type.application";
		};
/* End PBXNativeTarget section */

/* Begin PBXProject section */
		54410F32251CA78300BAF7EB /* Project object */ = {
			isa = PBXProject;
			attributes = {
				LastSwiftUpdateCheck = 1150;
				LastUpgradeCheck = 1150;
				ORGANIZATIONNAME = Mdo;
				TargetAttributes = {
					54410F39251CA78300BAF7EB = {
						CreatedOnToolsVersion = 11.5;
					};
				};
			};
			buildConfigurationList = 54410F35251CA78300BAF7EB /* Build configuration list for PBXProject "NasaDemo" */;
			compatibilityVersion = "Xcode 9.3";
			developmentRegion = en;
			hasScannedForEncodings = 0;
			knownRegions = (
				en,
				Base,
			);
			mainGroup = 54410F31251CA78300BAF7EB;
			productRefGroup = 54410F3B251CA78300BAF7EB /* Products */;
			projectDirPath = "";
			projectRoot = "";
			targets = (
				54410F39251CA78300BAF7EB /* NasaDemo */,
			);
		};
/* End PBXProject section */

/* Begin PBXResourcesBuildPhase section */
		54410F38251CA78300BAF7EB /* Resources */ = {
			isa = PBXResourcesBuildPhase;
			buildActionMask = 2147483647;
			files = (
				54410F4A251CA78900BAF7EB /* LaunchScreen.storyboard in Resources */,
				54410F47251CA78900BAF7EB /* Assets.xcassets in Resources */,
				54410F5D251CBCBE00BAF7EB /* Main.xcassets in Resources */,
				54410F45251CA78300BAF7EB /* Main.storyboard in Resources */,
			);
			runOnlyForDeploymentPostprocessing = 0;
		};
/* End PBXResourcesBuildPhase section */

/* Begin PBXSourcesBuildPhase section */
		54410F36251CA78300BAF7EB /* Sources */ = {
			isa = PBXSourcesBuildPhase;
			buildActionMask = 2147483647;
			files = (
				546B1EDC2522167700D0B856 /* Int+HTTPStatusCode.swift in Sources */,
				546B1EE02522335A00D0B856 /* NetworkClient.swift in Sources */,
				54410F42251CA78300BAF7EB /* ViewController.swift in Sources */,
				54410F3E251CA78300BAF7EB /* AppDelegate.swift in Sources */,
				54410F61251CE24700BAF7EB /* Rover.swift in Sources */,
				54410F5F251CE13100BAF7EB /* VehicleInfo .swift in Sources */,
				54410F5A251CB97700BAF7EB /* GalleryViewController.swift in Sources */,
				546B1EDE2522264F00D0B856 /* NetworkError.swift in Sources */,
				54410F63251CE4F800BAF7EB /* Camera.swift in Sources */,
				54410F40251CA78300BAF7EB /* SceneDelegate.swift in Sources */,
			);
			runOnlyForDeploymentPostprocessing = 0;
		};
/* End PBXSourcesBuildPhase section */

/* Begin PBXVariantGroup section */
		54410F43251CA78300BAF7EB /* Main.storyboard */ = {
			isa = PBXVariantGroup;
			children = (
				54410F44251CA78300BAF7EB /* Base */,
			);
			name = Main.storyboard;
			sourceTree = "<group>";
		};
		54410F48251CA78900BAF7EB /* LaunchScreen.storyboard */ = {
			isa = PBXVariantGroup;
			children = (
				54410F49251CA78900BAF7EB /* Base */,
			);
			name = LaunchScreen.storyboard;
			sourceTree = "<group>";
		};
/* End PBXVariantGroup section */

/* Begin XCBuildConfiguration section */
		54410F4C251CA78900BAF7EB /* Debug */ = {
			isa = XCBuildConfiguration;
			buildSettings = {
				ALWAYS_SEARCH_USER_PATHS = NO;
				CLANG_ANALYZER_NONNULL = YES;
				CLANG_ANALYZER_NUMBER_OBJECT_CONVERSION = YES_AGGRESSIVE;
				CLANG_CXX_LANGUAGE_STANDARD = "gnu++14";
				CLANG_CXX_LIBRARY = "libc++";
				CLANG_ENABLE_MODULES = YES;
				CLANG_ENABLE_OBJC_ARC = YES;
				CLANG_ENABLE_OBJC_WEAK = YES;
				CLANG_WARN_BLOCK_CAPTURE_AUTORELEASING = YES;
				CLANG_WARN_BOOL_CONVERSION = YES;
				CLANG_WARN_COMMA = YES;
				CLANG_WARN_CONSTANT_CONVERSION = YES;
				CLANG_WARN_DEPRECATED_OBJC_IMPLEMENTATIONS = YES;
				CLANG_WARN_DIRECT_OBJC_ISA_USAGE = YES_ERROR;
				CLANG_WARN_DOCUMENTATION_COMMENTS = YES;
				CLANG_WARN_EMPTY_BODY = YES;
				CLANG_WARN_ENUM_CONVERSION = YES;
				CLANG_WARN_INFINITE_RECURSION = YES;
				CLANG_WARN_INT_CONVERSION = YES;
				CLANG_WARN_NON_LITERAL_NULL_CONVERSION = YES;
				CLANG_WARN_OBJC_IMPLICIT_RETAIN_SELF = YES;
				CLANG_WARN_OBJC_LITERAL_CONVERSION = YES;
				CLANG_WARN_OBJC_ROOT_CLASS = YES_ERROR;
				CLANG_WARN_RANGE_LOOP_ANALYSIS = YES;
				CLANG_WARN_STRICT_PROTOTYPES = YES;
				CLANG_WARN_SUSPICIOUS_MOVE = YES;
				CLANG_WARN_UNGUARDED_AVAILABILITY = YES_AGGRESSIVE;
				CLANG_WARN_UNREACHABLE_CODE = YES;
				CLANG_WARN__DUPLICATE_METHOD_MATCH = YES;
				COPY_PHASE_STRIP = NO;
				DEBUG_INFORMATION_FORMAT = dwarf;
				ENABLE_STRICT_OBJC_MSGSEND = YES;
				ENABLE_TESTABILITY = YES;
				GCC_C_LANGUAGE_STANDARD = gnu11;
				GCC_DYNAMIC_NO_PIC = NO;
				GCC_NO_COMMON_BLOCKS = YES;
				GCC_OPTIMIZATION_LEVEL = 0;
				GCC_PREPROCESSOR_DEFINITIONS = (
					"DEBUG=1",
					"$(inherited)",
				);
				GCC_WARN_64_TO_32_BIT_CONVERSION = YES;
				GCC_WARN_ABOUT_RETURN_TYPE = YES_ERROR;
				GCC_WARN_UNDECLARED_SELECTOR = YES;
				GCC_WARN_UNINITIALIZED_AUTOS = YES_AGGRESSIVE;
				GCC_WARN_UNUSED_FUNCTION = YES;
				GCC_WARN_UNUSED_VARIABLE = YES;
				IPHONEOS_DEPLOYMENT_TARGET = 13.5;
				MTL_ENABLE_DEBUG_INFO = INCLUDE_SOURCE;
				MTL_FAST_MATH = YES;
				ONLY_ACTIVE_ARCH = YES;
				SDKROOT = iphoneos;
				SWIFT_ACTIVE_COMPILATION_CONDITIONS = DEBUG;
				SWIFT_OPTIMIZATION_LEVEL = "-Onone";
			};
			name = Debug;
		};
		54410F4D251CA78900BAF7EB /* Release */ = {
			isa = XCBuildConfiguration;
			buildSettings = {
				ALWAYS_SEARCH_USER_PATHS = NO;
				CLANG_ANALYZER_NONNULL = YES;
				CLANG_ANALYZER_NUMBER_OBJECT_CONVERSION = YES_AGGRESSIVE;
				CLANG_CXX_LANGUAGE_STANDARD = "gnu++14";
				CLANG_CXX_LIBRARY = "libc++";
				CLANG_ENABLE_MODULES = YES;
				CLANG_ENABLE_OBJC_ARC = YES;
				CLANG_ENABLE_OBJC_WEAK = YES;
				CLANG_WARN_BLOCK_CAPTURE_AUTORELEASING = YES;
				CLANG_WARN_BOOL_CONVERSION = YES;
				CLANG_WARN_COMMA = YES;
				CLANG_WARN_CONSTANT_CONVERSION = YES;
				CLANG_WARN_DEPRECATED_OBJC_IMPLEMENTATIONS = YES;
				CLANG_WARN_DIRECT_OBJC_ISA_USAGE = YES_ERROR;
				CLANG_WARN_DOCUMENTATION_COMMENTS = YES;
				CLANG_WARN_EMPTY_BODY = YES;
				CLANG_WARN_ENUM_CONVERSION = YES;
				CLANG_WARN_INFINITE_RECURSION = YES;
				CLANG_WARN_INT_CONVERSION = YES;
				CLANG_WARN_NON_LITERAL_NULL_CONVERSION = YES;
				CLANG_WARN_OBJC_IMPLICIT_RETAIN_SELF = YES;
				CLANG_WARN_OBJC_LITERAL_CONVERSION = YES;
				CLANG_WARN_OBJC_ROOT_CLASS = YES_ERROR;
				CLANG_WARN_RANGE_LOOP_ANALYSIS = YES;
				CLANG_WARN_STRICT_PROTOTYPES = YES;
				CLANG_WARN_SUSPICIOUS_MOVE = YES;
				CLANG_WARN_UNGUARDED_AVAILABILITY = YES_AGGRESSIVE;
				CLANG_WARN_UNREACHABLE_CODE = YES;
				CLANG_WARN__DUPLICATE_METHOD_MATCH = YES;
				COPY_PHASE_STRIP = NO;
				DEBUG_INFORMATION_FORMAT = "dwarf-with-dsym";
				ENABLE_NS_ASSERTIONS = NO;
				ENABLE_STRICT_OBJC_MSGSEND = YES;
				GCC_C_LANGUAGE_STANDARD = gnu11;
				GCC_NO_COMMON_BLOCKS = YES;
				GCC_WARN_64_TO_32_BIT_CONVERSION = YES;
				GCC_WARN_ABOUT_RETURN_TYPE = YES_ERROR;
				GCC_WARN_UNDECLARED_SELECTOR = YES;
				GCC_WARN_UNINITIALIZED_AUTOS = YES_AGGRESSIVE;
				GCC_WARN_UNUSED_FUNCTION = YES;
				GCC_WARN_UNUSED_VARIABLE = YES;
				IPHONEOS_DEPLOYMENT_TARGET = 13.5;
				MTL_ENABLE_DEBUG_INFO = NO;
				MTL_FAST_MATH = YES;
				SDKROOT = iphoneos;
				SWIFT_COMPILATION_MODE = wholemodule;
				SWIFT_OPTIMIZATION_LEVEL = "-O";
				VALIDATE_PRODUCT = YES;
			};
			name = Release;
		};
		54410F4F251CA78900BAF7EB /* Debug */ = {
			isa = XCBuildConfiguration;
			buildSettings = {
				ASSETCATALOG_COMPILER_APPICON_NAME = AppIcon;
				CODE_SIGN_STYLE = Automatic;
				DEVELOPMENT_TEAM = 52RKNGF8WA;
				INFOPLIST_FILE = NasaDemo/Info.plist;
				LD_RUNPATH_SEARCH_PATHS = (
					"$(inherited)",
					"@executable_path/Frameworks",
				);
				PRODUCT_BUNDLE_IDENTIFIER = com.mdo.ios.NasaDemo;
				PRODUCT_NAME = "$(TARGET_NAME)";
				SWIFT_VERSION = 5.0;
				TARGETED_DEVICE_FAMILY = "1,2";
			};
			name = Debug;
		};
		54410F50251CA78900BAF7EB /* Release */ = {
			isa = XCBuildConfiguration;
			buildSettings = {
				ASSETCATALOG_COMPILER_APPICON_NAME = AppIcon;
				CODE_SIGN_STYLE = Automatic;
				DEVELOPMENT_TEAM = 52RKNGF8WA;
				INFOPLIST_FILE = NasaDemo/Info.plist;
				LD_RUNPATH_SEARCH_PATHS = (
					"$(inherited)",
					"@executable_path/Frameworks",
				);
				PRODUCT_BUNDLE_IDENTIFIER = com.mdo.ios.NasaDemo;
				PRODUCT_NAME = "$(TARGET_NAME)";
				SWIFT_VERSION = 5.0;
				TARGETED_DEVICE_FAMILY = "1,2";
			};
			name = Release;
		};
/* End XCBuildConfiguration section */

/* Begin XCConfigurationList section */
		54410F35251CA78300BAF7EB /* Build configuration list for PBXProject "NasaDemo" */ = {
			isa = XCConfigurationList;
			buildConfigurations = (
				54410F4C251CA78900BAF7EB /* Debug */,
				54410F4D251CA78900BAF7EB /* Release */,
			);
			defaultConfigurationIsVisible = 0;
			defaultConfigurationName = Release;
		};
		54410F4E251CA78900BAF7EB /* Build configuration list for PBXNativeTarget "NasaDemo" */ = {
			isa = XCConfigurationList;
			buildConfigurations = (
				54410F4F251CA78900BAF7EB /* Debug */,
				54410F50251CA78900BAF7EB /* Release */,
			);
			defaultConfigurationIsVisible = 0;
			defaultConfigurationName = Release;
		};
/* End XCConfigurationList section */
	};
	rootObject = 54410F32251CA78300BAF7EB /* Project object */;
}
